PODS:
  - Giphy (2.2.12):
    - libwebp
  - JitsiMeetSDK (11.0.3):
    - Giphy (= 2.2.12)
    - JitsiWebRTC (~> 124.0)
  - JitsiWebRTC (124.0.2)
  - libwebp (1.5.0):
    - libwebp/demux (= 1.5.0)
    - libwebp/mux (= 1.5.0)
    - libwebp/sharpyuv (= 1.5.0)
    - libwebp/webp (= 1.5.0)
  - libwebp/demux (1.5.0):
    - libwebp/webp
  - libwebp/mux (1.5.0):
    - libwebp/demux
  - libwebp/sharpyuv (1.5.0)
  - libwebp/webp (1.5.0):
    - libwebp/sharpyuv

DEPENDENCIES:
  - JitsiMeetSDK (= 11.0.3)

SPEC REPOS:
  trunk:
    - Giphy
    - JitsiMeetSDK
    - JitsiWebRTC
    - libwebp

SPEC CHECKSUMS:
  Giphy: 83628960ed04e1c3428ff1b4fb2b027f65e82f50
  JitsiMeetSDK: 3337100e34c153ac9120e8464851164493daee6c
  JitsiWebRTC: b47805ab5668be38e7ee60e2258f49badfe8e1d0
  libwebp: 02b23773aedb6ff1fd38cec7a77b81414c6842a8

PODFILE CHECKSUM: 0c8c696c83b420c10b0891776cf31f4db438f5d6

COCOAPODS: 1.16.2
