PODS:
  - Giphy (2.2.12):
    - libwebp
  - JitsiMeetSDK (13.2.0):
    - Giphy (= 2.2.12)
    - JitsiWebRTC (~> 124.0)
  - JitsiWebRTC (124.0.2)
  - libwebp (1.6.0):
    - libwebp/demux (= 1.6.0)
    - libwebp/mux (= 1.6.0)
    - libwebp/sharpyuv (= 1.6.0)
    - libwebp/webp (= 1.6.0)
  - libwebp/demux (1.6.0):
    - libwebp/webp
  - libwebp/mux (1.6.0):
    - libwebp/demux
  - libwebp/sharpyuv (1.6.0)
  - libwebp/webp (1.6.0):
    - libwebp/sharpyuv

DEPENDENCIES:
  - JitsiMeetSDK (= 13.2.0)

SPEC REPOS:
  trunk:
    - Giphy
    - JitsiMeetSDK
    - JitsiWebRTC
    - libwebp

SPEC CHECKSUMS:
  Giphy: 83628960ed04e1c3428ff1b4fb2b027f65e82f50
  JitsiMeetSDK: c7c89c144ebf12f85a9fb38f5fbd0eea68b460ad
  JitsiWebRTC: b47805ab5668be38e7ee60e2258f49badfe8e1d0
  libwebp: af5937a13536ef73f3784d69cc342b98961acf33

PODFILE CHECKSUM: d321c37356875450b11ba52daa0d42e2c173e197

COCOAPODS: 1.16.2
