PODS:
  - Giphy (2.1.20):
    - libwebp
  - JitsiMeetSDK (5.1.0):
    - Giphy (= 2.1.20)
    - JitsiWebRTC (= 100.0.0)
  - JitsiWebRTC (100.0.0)
  - libwebp (1.2.1):
    - libwebp/demux (= 1.2.1)
    - libwebp/mux (= 1.2.1)
    - libwebp/webp (= 1.2.1)
  - libwebp/demux (1.2.1):
    - libwebp/webp
  - libwebp/mux (1.2.1):
    - libwebp/demux
  - libwebp/webp (1.2.1)

DEPENDENCIES:
  - JitsiMeetSDK (= 5.1.0)

SPEC REPOS:
  trunk:
    - Giphy
    - JitsiMeetSDK
    - JitsiWebRTC
    - libwebp

SPEC CHECKSUMS:
  Giphy: b6d5087521d251bb8c99cdc0eb07bbdf86d142d5
  JitsiMeetSDK: 4197be0ab568e179e7c368ef8d4c90db8746c541
  JitsiWebRTC: 873becc5a3edd1adebe86303ee5d36aab4f7fcc3
  libwebp: 98a37e597e40bfdb4c911fc98f2c53d0b12d05fc

PODFILE CHECKSUM: cffe348867c2a072e2d9954a7580df0339e46916

COCOAPODS: 1.11.2
