PODS:
  - JitsiMeetSDK (2.2.0)

DEPENDENCIES:
  - JitsiMeetSDK (~> 2.2.0)

SPEC REPOS:
  https://github.com/cocoapods/specs.git:
    - JitsiMeetSDK

SPEC CHECKSUMS:
  JitsiMeetSDK: 5aa6b2f6f38eb48cc85f5b69087badcf0f783f81

PODFILE CHECKSUM: 399b3c9c545dfa3474c6263c50b97a181b66b5f7

COCOAPODS: 1.7.2
