PODS:
  - JitsiMeetSDK (2.3.0)

DEPENDENCIES:
  - JitsiMeetSDK (~> 2.3.0)

SPEC REPOS:
  https://github.com/cocoapods/specs.git:
    - JitsiMeetSDK

SPEC CHECKSUMS:
  JitsiMeetSDK: 0db2222f160cb6a9ccbeacc828acd11ff0057ba5

PODFILE CHECKSUM: 4a5aad71345b86fbe2a051883a304484e56693da

COCOAPODS: 1.7.2
